// !$*UTF8*$!
{
	archiveVersion = 1;
	classes = {
	};
	objectVersion = 46;
	objects = {

/* Begin PBXBuildFile section */
		6B0B3C151EDCEA6100033E8C /* main.m in Sources */ = {isa = PBXBuildFile; fileRef = 6B0B3C141EDCEA6100033E8C /* main.m */; };
		6B0B3C181EDCEA6100033E8C /* JWCAppDelegate.m in Sources */ = {isa = PBXBuildFile; fileRef = 6B0B3C171EDCEA6100033E8C /* JWCAppDelegate.m */; };
		6B0B3C1B1EDCEA6100033E8C /* JWCPlaylistViewController.m in Sources */ = {isa = PBXBuildFile; fileRef = 6B0B3C1A1EDCEA6100033E8C /* JWCPlaylistViewController.m */; };
		6B0B3C1E1EDCEA6100033E8C /* Main.storyboard in Resources */ = {isa = PBXBuildFile; fileRef = 6B0B3C1C1EDCEA6100033E8C /* Main.storyboard */; };
		6B0B3C201EDCEA6100033E8C /* Assets.xcassets in Resources */ = {isa = PBXBuildFile; fileRef = 6B0B3C1F1EDCEA6100033E8C /* Assets.xcassets */; };
		6B0B3C231EDCEA6100033E8C /* LaunchScreen.storyboard in Resources */ = {isa = PBXBuildFile; fileRef = 6B0B3C211EDCEA6100033E8C /* LaunchScreen.storyboard */; };
		6B0B3C2C1EDCEC1900033E8C /* SystemConfiguration.framework in Frameworks */ = {isa = PBXBuildFile; fileRef = 6B0B3C2B1EDCEC1900033E8C /* SystemConfiguration.framework */; };
		6B0B3C301EDCEC9700033E8C /* SpotifyAudioPlayback.framework in Frameworks */ = {isa = PBXBuildFile; fileRef = 6B0B3C2D1EDCEC9700033E8C /* SpotifyAudioPlayback.framework */; };
		6B0B3C311EDCEC9700033E8C /* SpotifyAuthentication.framework in Frameworks */ = {isa = PBXBuildFile; fileRef = 6B0B3C2E1EDCEC9700033E8C /* SpotifyAuthentication.framework */; };
		6B0B3C321EDCEC9700033E8C /* SpotifyMetadata.framework in Frameworks */ = {isa = PBXBuildFile; fileRef = 6B0B3C2F1EDCEC9700033E8C /* SpotifyMetadata.framework */; };
		6B0B3C351EDCF7DB00033E8C /* JWCSongListViewController.m in Sources */ = {isa = PBXBuildFile; fileRef = 6B0B3C341EDCF7DB00033E8C /* JWCSongListViewController.m */; };
		6B1C59E01EDE972100A5D90C /* JWCTabLinkListViewController.m in Sources */ = {isa = PBXBuildFile; fileRef = 6B1C59DF1EDE972100A5D90C /* JWCTabLinkListViewController.m */; };
		6B32E8E61EDDF708005AD485 /* TFHpple.m in Sources */ = {isa = PBXBuildFile; fileRef = 6B32E8E11EDDF708005AD485 /* TFHpple.m */; };
		6B32E8E71EDDF708005AD485 /* TFHppleElement.m in Sources */ = {isa = PBXBuildFile; fileRef = 6B32E8E31EDDF708005AD485 /* TFHppleElement.m */; };
		6B32E8E81EDDF708005AD485 /* XPathQuery.m in Sources */ = {isa = PBXBuildFile; fileRef = 6B32E8E51EDDF708005AD485 /* XPathQuery.m */; };
		6B32E8EA1EDDF73F005AD485 /* libxml2.tbd in Frameworks */ = {isa = PBXBuildFile; fileRef = 6B32E8E91EDDF73F005AD485 /* libxml2.tbd */; };
		6B63097A1F5CA7D90045EA6C /* UIColor+JWCColors.m in Sources */ = {isa = PBXBuildFile; fileRef = 6B6309791F5CA7D90045EA6C /* UIColor+JWCColors.m */; };
		6B9324581F50FC0300B7BDC7 /* JWCSongsViewController.m in Sources */ = {isa = PBXBuildFile; fileRef = 6B9324571F50FC0300B7BDC7 /* JWCSongsViewController.m */; };
		6B93245C1F50FF1A00B7BDC7 /* JWCAuthManager.m in Sources */ = {isa = PBXBuildFile; fileRef = 6B93245B1F50FF1A00B7BDC7 /* JWCAuthManager.m */; };
		6BAB3C091FCCC9F000EFD3EB /* JWCNetworkController.m in Sources */ = {isa = PBXBuildFile; fileRef = 6BAB3C081FCCC9F000EFD3EB /* JWCNetworkController.m */; };
		CEBED10756906D6A25DD5C6D /* Pods_Spotify_Tab_Finder.framework in Frameworks */ = {isa = PBXBuildFile; fileRef = E3A77B0A80B3222EAD2DE307 /* Pods_Spotify_Tab_Finder.framework */; };
/* End PBXBuildFile section */

/* Begin PBXFileReference section */
		161ED6A3B30A343564249620 /* Pods-Spotify Tab Finder.release.xcconfig */ = {isa = PBXFileReference; includeInIndex = 1; lastKnownFileType = text.xcconfig; name = "Pods-Spotify Tab Finder.release.xcconfig"; path = "Pods/Target Support Files/Pods-Spotify Tab Finder/Pods-Spotify Tab Finder.release.xcconfig"; sourceTree = "<group>"; };
		6B0B3C101EDCEA6100033E8C /* Spotify Tab Finder.app */ = {isa = PBXFileReference; explicitFileType = wrapper.application; includeInIndex = 0; path = "Spotify Tab Finder.app"; sourceTree = BUILT_PRODUCTS_DIR; };
		6B0B3C141EDCEA6100033E8C /* main.m */ = {isa = PBXFileReference; lastKnownFileType = sourcecode.c.objc; path = main.m; sourceTree = "<group>"; };
		6B0B3C161EDCEA6100033E8C /* JWCAppDelegate.h */ = {isa = PBXFileReference; lastKnownFileType = sourcecode.c.h; path = JWCAppDelegate.h; sourceTree = "<group>"; };
		6B0B3C171EDCEA6100033E8C /* JWCAppDelegate.m */ = {isa = PBXFileReference; lastKnownFileType = sourcecode.c.objc; path = JWCAppDelegate.m; sourceTree = "<group>"; };
		6B0B3C191EDCEA6100033E8C /* JWCPlaylistViewController.h */ = {isa = PBXFileReference; lastKnownFileType = sourcecode.c.h; path = JWCPlaylistViewController.h; sourceTree = "<group>"; };
		6B0B3C1A1EDCEA6100033E8C /* JWCPlaylistViewController.m */ = {isa = PBXFileReference; lastKnownFileType = sourcecode.c.objc; path = JWCPlaylistViewController.m; sourceTree = "<group>"; };
		6B0B3C1D1EDCEA6100033E8C /* Base */ = {isa = PBXFileReference; lastKnownFileType = file.storyboard; name = Base; path = Base.lproj/Main.storyboard; sourceTree = "<group>"; };
		6B0B3C1F1EDCEA6100033E8C /* Assets.xcassets */ = {isa = PBXFileReference; lastKnownFileType = folder.assetcatalog; path = Assets.xcassets; sourceTree = "<group>"; };
		6B0B3C221EDCEA6100033E8C /* Base */ = {isa = PBXFileReference; lastKnownFileType = file.storyboard; name = Base; path = Base.lproj/LaunchScreen.storyboard; sourceTree = "<group>"; };
		6B0B3C241EDCEA6100033E8C /* Info.plist */ = {isa = PBXFileReference; lastKnownFileType = text.plist.xml; path = Info.plist; sourceTree = "<group>"; };
		6B0B3C2B1EDCEC1900033E8C /* SystemConfiguration.framework */ = {isa = PBXFileReference; lastKnownFileType = wrapper.framework; name = SystemConfiguration.framework; path = System/Library/Frameworks/SystemConfiguration.framework; sourceTree = SDKROOT; };
		6B0B3C2D1EDCEC9700033E8C /* SpotifyAudioPlayback.framework */ = {isa = PBXFileReference; lastKnownFileType = wrapper.framework; path = SpotifyAudioPlayback.framework; sourceTree = "<group>"; };
		6B0B3C2E1EDCEC9700033E8C /* SpotifyAuthentication.framework */ = {isa = PBXFileReference; lastKnownFileType = wrapper.framework; path = SpotifyAuthentication.framework; sourceTree = "<group>"; };
		6B0B3C2F1EDCEC9700033E8C /* SpotifyMetadata.framework */ = {isa = PBXFileReference; lastKnownFileType = wrapper.framework; path = SpotifyMetadata.framework; sourceTree = "<group>"; };
		6B0B3C331EDCF7DB00033E8C /* JWCSongListViewController.h */ = {isa = PBXFileReference; fileEncoding = 4; lastKnownFileType = sourcecode.c.h; path = JWCSongListViewController.h; sourceTree = "<group>"; };
		6B0B3C341EDCF7DB00033E8C /* JWCSongListViewController.m */ = {isa = PBXFileReference; fileEncoding = 4; lastKnownFileType = sourcecode.c.objc; path = JWCSongListViewController.m; sourceTree = "<group>"; };
		6B1C59DE1EDE972100A5D90C /* JWCTabLinkListViewController.h */ = {isa = PBXFileReference; fileEncoding = 4; lastKnownFileType = sourcecode.c.h; path = JWCTabLinkListViewController.h; sourceTree = "<group>"; };
		6B1C59DF1EDE972100A5D90C /* JWCTabLinkListViewController.m */ = {isa = PBXFileReference; fileEncoding = 4; lastKnownFileType = sourcecode.c.objc; path = JWCTabLinkListViewController.m; sourceTree = "<group>"; };
		6B32E8E01EDDF708005AD485 /* TFHpple.h */ = {isa = PBXFileReference; fileEncoding = 4; lastKnownFileType = sourcecode.c.h; path = TFHpple.h; sourceTree = "<group>"; };
		6B32E8E11EDDF708005AD485 /* TFHpple.m */ = {isa = PBXFileReference; fileEncoding = 4; lastKnownFileType = sourcecode.c.objc; path = TFHpple.m; sourceTree = "<group>"; };
		6B32E8E21EDDF708005AD485 /* TFHppleElement.h */ = {isa = PBXFileReference; fileEncoding = 4; lastKnownFileType = sourcecode.c.h; path = TFHppleElement.h; sourceTree = "<group>"; };
		6B32E8E31EDDF708005AD485 /* TFHppleElement.m */ = {isa = PBXFileReference; fileEncoding = 4; lastKnownFileType = sourcecode.c.objc; path = TFHppleElement.m; sourceTree = "<group>"; };
		6B32E8E41EDDF708005AD485 /* XPathQuery.h */ = {isa = PBXFileReference; fileEncoding = 4; lastKnownFileType = sourcecode.c.h; path = XPathQuery.h; sourceTree = "<group>"; };
		6B32E8E51EDDF708005AD485 /* XPathQuery.m */ = {isa = PBXFileReference; fileEncoding = 4; lastKnownFileType = sourcecode.c.objc; path = XPathQuery.m; sourceTree = "<group>"; };
		6B32E8E91EDDF73F005AD485 /* libxml2.tbd */ = {isa = PBXFileReference; lastKnownFileType = "sourcecode.text-based-dylib-definition"; name = libxml2.tbd; path = usr/lib/libxml2.tbd; sourceTree = SDKROOT; };
		6B6309781F5CA7D90045EA6C /* UIColor+JWCColors.h */ = {isa = PBXFileReference; fileEncoding = 4; lastKnownFileType = sourcecode.c.h; path = "UIColor+JWCColors.h"; sourceTree = "<group>"; };
		6B6309791F5CA7D90045EA6C /* UIColor+JWCColors.m */ = {isa = PBXFileReference; fileEncoding = 4; lastKnownFileType = sourcecode.c.objc; path = "UIColor+JWCColors.m"; sourceTree = "<group>"; };
		6B9324561F50FC0300B7BDC7 /* JWCSongsViewController.h */ = {isa = PBXFileReference; fileEncoding = 4; lastKnownFileType = sourcecode.c.h; path = JWCSongsViewController.h; sourceTree = "<group>"; };
		6B9324571F50FC0300B7BDC7 /* JWCSongsViewController.m */ = {isa = PBXFileReference; fileEncoding = 4; lastKnownFileType = sourcecode.c.objc; path = JWCSongsViewController.m; sourceTree = "<group>"; };
		6B93245A1F50FF1A00B7BDC7 /* JWCAuthManager.h */ = {isa = PBXFileReference; fileEncoding = 4; lastKnownFileType = sourcecode.c.h; path = JWCAuthManager.h; sourceTree = "<group>"; };
		6B93245B1F50FF1A00B7BDC7 /* JWCAuthManager.m */ = {isa = PBXFileReference; fileEncoding = 4; lastKnownFileType = sourcecode.c.objc; path = JWCAuthManager.m; sourceTree = "<group>"; };
		6BAB3C071FCCC9F000EFD3EB /* JWCNetworkController.h */ = {isa = PBXFileReference; fileEncoding = 4; lastKnownFileType = sourcecode.c.h; path = JWCNetworkController.h; sourceTree = "<group>"; };
		6BAB3C081FCCC9F000EFD3EB /* JWCNetworkController.m */ = {isa = PBXFileReference; fileEncoding = 4; lastKnownFileType = sourcecode.c.objc; path = JWCNetworkController.m; sourceTree = "<group>"; };
		E3A77B0A80B3222EAD2DE307 /* Pods_Spotify_Tab_Finder.framework */ = {isa = PBXFileReference; explicitFileType = wrapper.framework; includeInIndex = 0; path = Pods_Spotify_Tab_Finder.framework; sourceTree = BUILT_PRODUCTS_DIR; };
		F6F28C0CCA98C23403AFCF41 /* Pods-Spotify Tab Finder.debug.xcconfig */ = {isa = PBXFileReference; includeInIndex = 1; lastKnownFileType = text.xcconfig; name = "Pods-Spotify Tab Finder.debug.xcconfig"; path = "Pods/Target Support Files/Pods-Spotify Tab Finder/Pods-Spotify Tab Finder.debug.xcconfig"; sourceTree = "<group>"; };
/* End PBXFileReference section */

/* Begin PBXFrameworksBuildPhase section */
		6B0B3C0D1EDCEA6000033E8C /* Frameworks */ = {
			isa = PBXFrameworksBuildPhase;
			buildActionMask = 2147483647;
			files = (
				6B32E8EA1EDDF73F005AD485 /* libxml2.tbd in Frameworks */,
				6B0B3C321EDCEC9700033E8C /* SpotifyMetadata.framework in Frameworks */,
				6B0B3C2C1EDCEC1900033E8C /* SystemConfiguration.framework in Frameworks */,
				6B0B3C311EDCEC9700033E8C /* SpotifyAuthentication.framework in Frameworks */,
				6B0B3C301EDCEC9700033E8C /* SpotifyAudioPlayback.framework in Frameworks */,
				CEBED10756906D6A25DD5C6D /* Pods_Spotify_Tab_Finder.framework in Frameworks */,
			);
			runOnlyForDeploymentPostprocessing = 0;
		};
/* End PBXFrameworksBuildPhase section */

/* Begin PBXGroup section */
		0ACED898D5BE64FDDB5E146D /* Pods */ = {
			isa = PBXGroup;
			children = (
				F6F28C0CCA98C23403AFCF41 /* Pods-Spotify Tab Finder.debug.xcconfig */,
				161ED6A3B30A343564249620 /* Pods-Spotify Tab Finder.release.xcconfig */,
			);
			name = Pods;
			sourceTree = "<group>";
		};
		6B0B3C071EDCEA6000033E8C = {
			isa = PBXGroup;
			children = (
				6B0B3C121EDCEA6100033E8C /* Spotify Tab Finder */,
				6B0B3C111EDCEA6100033E8C /* Products */,
				6B0B3C2A1EDCEC1900033E8C /* Frameworks */,
				0ACED898D5BE64FDDB5E146D /* Pods */,
			);
			sourceTree = "<group>";
		};
		6B0B3C111EDCEA6100033E8C /* Products */ = {
			isa = PBXGroup;
			children = (
				6B0B3C101EDCEA6100033E8C /* Spotify Tab Finder.app */,
			);
			name = Products;
			sourceTree = "<group>";
		};
		6B0B3C121EDCEA6100033E8C /* Spotify Tab Finder */ = {
			isa = PBXGroup;
			children = (
				6B0B3C161EDCEA6100033E8C /* JWCAppDelegate.h */,
				6B0B3C171EDCEA6100033E8C /* JWCAppDelegate.m */,
				6BAB3C071FCCC9F000EFD3EB /* JWCNetworkController.h */,
				6BAB3C081FCCC9F000EFD3EB /* JWCNetworkController.m */,
				6B0B3C191EDCEA6100033E8C /* JWCPlaylistViewController.h */,
				6B0B3C1A1EDCEA6100033E8C /* JWCPlaylistViewController.m */,
				6B9324561F50FC0300B7BDC7 /* JWCSongsViewController.h */,
				6B9324571F50FC0300B7BDC7 /* JWCSongsViewController.m */,
				6B0B3C331EDCF7DB00033E8C /* JWCSongListViewController.h */,
				6B0B3C341EDCF7DB00033E8C /* JWCSongListViewController.m */,
				6B1C59DE1EDE972100A5D90C /* JWCTabLinkListViewController.h */,
				6B1C59DF1EDE972100A5D90C /* JWCTabLinkListViewController.m */,
				6B6309781F5CA7D90045EA6C /* UIColor+JWCColors.h */,
				6B6309791F5CA7D90045EA6C /* UIColor+JWCColors.m */,
				6B9324591F50FF0200B7BDC7 /* Auth */,
				6B32E8DF1EDDF708005AD485 /* Hpple */,
				6B0B3C1C1EDCEA6100033E8C /* Main.storyboard */,
				6B0B3C211EDCEA6100033E8C /* LaunchScreen.storyboard */,
				6B0B3C1F1EDCEA6100033E8C /* Assets.xcassets */,
				6B0B3C241EDCEA6100033E8C /* Info.plist */,
				6B0B3C131EDCEA6100033E8C /* Supporting Files */,
			);
			path = "Spotify Tab Finder";
			sourceTree = "<group>";
		};
		6B0B3C131EDCEA6100033E8C /* Supporting Files */ = {
			isa = PBXGroup;
			children = (
				6B0B3C141EDCEA6100033E8C /* main.m */,
			);
			name = "Supporting Files";
			sourceTree = "<group>";
		};
		6B0B3C2A1EDCEC1900033E8C /* Frameworks */ = {
			isa = PBXGroup;
			children = (
				6B32E8E91EDDF73F005AD485 /* libxml2.tbd */,
				6B0B3C2D1EDCEC9700033E8C /* SpotifyAudioPlayback.framework */,
				6B0B3C2E1EDCEC9700033E8C /* SpotifyAuthentication.framework */,
				6B0B3C2F1EDCEC9700033E8C /* SpotifyMetadata.framework */,
				6B0B3C2B1EDCEC1900033E8C /* SystemConfiguration.framework */,
				E3A77B0A80B3222EAD2DE307 /* Pods_Spotify_Tab_Finder.framework */,
			);
			name = Frameworks;
			sourceTree = "<group>";
		};
		6B32E8DF1EDDF708005AD485 /* Hpple */ = {
			isa = PBXGroup;
			children = (
				6B32E8E01EDDF708005AD485 /* TFHpple.h */,
				6B32E8E11EDDF708005AD485 /* TFHpple.m */,
				6B32E8E21EDDF708005AD485 /* TFHppleElement.h */,
				6B32E8E31EDDF708005AD485 /* TFHppleElement.m */,
				6B32E8E41EDDF708005AD485 /* XPathQuery.h */,
				6B32E8E51EDDF708005AD485 /* XPathQuery.m */,
			);
			path = Hpple;
			sourceTree = "<group>";
		};
		6B9324591F50FF0200B7BDC7 /* Auth */ = {
			isa = PBXGroup;
			children = (
				6B93245A1F50FF1A00B7BDC7 /* JWCAuthManager.h */,
				6B93245B1F50FF1A00B7BDC7 /* JWCAuthManager.m */,
			);
			path = Auth;
			sourceTree = "<group>";
		};
/* End PBXGroup section */

/* Begin PBXNativeTarget section */
		6B0B3C0F1EDCEA6000033E8C /* Spotify Tab Finder */ = {
			isa = PBXNativeTarget;
			buildConfigurationList = 6B0B3C271EDCEA6100033E8C /* Build configuration list for PBXNativeTarget "Spotify Tab Finder" */;
			buildPhases = (
				DF5D022318D373DA15EF620A /* [CP] Check Pods Manifest.lock */,
				6B0B3C0C1EDCEA6000033E8C /* Sources */,
				6B0B3C0D1EDCEA6000033E8C /* Frameworks */,
				6B0B3C0E1EDCEA6000033E8C /* Resources */,
				D49F3CDDAC072352B37C67CA /* [CP] Embed Pods Frameworks */,
				E2FD44517167123567BC3BD3 /* [CP] Copy Pods Resources */,
			);
			buildRules = (
			);
			dependencies = (
			);
			name = "Spotify Tab Finder";
			productName = "Spotify Tab Finder";
			productReference = 6B0B3C101EDCEA6100033E8C /* Spotify Tab Finder.app */;
			productType = "com.apple.product-type.application";
		};
/* End PBXNativeTarget section */

/* Begin PBXProject section */
		6B0B3C081EDCEA6000033E8C /* Project object */ = {
			isa = PBXProject;
			attributes = {
				LastUpgradeCheck = 0830;
				ORGANIZATIONNAME = "Jeff Writes Code";
				TargetAttributes = {
					6B0B3C0F1EDCEA6000033E8C = {
						CreatedOnToolsVersion = 8.3.2;
						DevelopmentTeam = KAXBL5N6GV;
						ProvisioningStyle = Automatic;
					};
				};
			};
			buildConfigurationList = 6B0B3C0B1EDCEA6000033E8C /* Build configuration list for PBXProject "Spotify Tab Finder" */;
			compatibilityVersion = "Xcode 3.2";
			developmentRegion = English;
			hasScannedForEncodings = 0;
			knownRegions = (
				en,
				Base,
			);
			mainGroup = 6B0B3C071EDCEA6000033E8C;
			productRefGroup = 6B0B3C111EDCEA6100033E8C /* Products */;
			projectDirPath = "";
			projectRoot = "";
			targets = (
				6B0B3C0F1EDCEA6000033E8C /* Spotify Tab Finder */,
			);
		};
/* End PBXProject section */

/* Begin PBXResourcesBuildPhase section */
		6B0B3C0E1EDCEA6000033E8C /* Resources */ = {
			isa = PBXResourcesBuildPhase;
			buildActionMask = 2147483647;
			files = (
				6B0B3C231EDCEA6100033E8C /* LaunchScreen.storyboard in Resources */,
				6B0B3C201EDCEA6100033E8C /* Assets.xcassets in Resources */,
				6B0B3C1E1EDCEA6100033E8C /* Main.storyboard in Resources */,
			);
			runOnlyForDeploymentPostprocessing = 0;
		};
/* End PBXResourcesBuildPhase section */

/* Begin PBXShellScriptBuildPhase section */
		D49F3CDDAC072352B37C67CA /* [CP] Embed Pods Frameworks */ = {
			isa = PBXShellScriptBuildPhase;
			buildActionMask = 2147483647;
			files = (
			);
			inputPaths = (
				"${SRCROOT}/Pods/Target Support Files/Pods-Spotify Tab Finder/Pods-Spotify Tab Finder-frameworks.sh",
				"${BUILT_PRODUCTS_DIR}/AFNetworking/AFNetworking.framework",
				"${BUILT_PRODUCTS_DIR}/MBProgressHUD/MBProgressHUD.framework",
			);
			name = "[CP] Embed Pods Frameworks";
			outputPaths = (
				"${TARGET_BUILD_DIR}/${FRAMEWORKS_FOLDER_PATH}/AFNetworking.framework",
				"${TARGET_BUILD_DIR}/${FRAMEWORKS_FOLDER_PATH}/MBProgressHUD.framework",
			);
			runOnlyForDeploymentPostprocessing = 0;
			shellPath = /bin/sh;
			shellScript = "\"${SRCROOT}/Pods/Target Support Files/Pods-Spotify Tab Finder/Pods-Spotify Tab Finder-frameworks.sh\"\n";
			showEnvVarsInLog = 0;
		};
		DF5D022318D373DA15EF620A /* [CP] Check Pods Manifest.lock */ = {
			isa = PBXShellScriptBuildPhase;
			buildActionMask = 2147483647;
			files = (
			);
			inputPaths = (
				"${PODS_PODFILE_DIR_PATH}/Podfile.lock",
				"${PODS_ROOT}/Manifest.lock",
			);
			name = "[CP] Check Pods Manifest.lock";
			outputPaths = (
				"$(DERIVED_FILE_DIR)/Pods-Spotify Tab Finder-checkManifestLockResult.txt",
			);
			runOnlyForDeploymentPostprocessing = 0;
			shellPath = /bin/sh;
			shellScript = "diff \"${PODS_PODFILE_DIR_PATH}/Podfile.lock\" \"${PODS_ROOT}/Manifest.lock\" > /dev/null\nif [ $? != 0 ] ; then\n    # print error to STDERR\n    echo \"error: The sandbox is not in sync with the Podfile.lock. Run 'pod install' or update your CocoaPods installation.\" >&2\n    exit 1\nfi\n# This output is used by Xcode 'outputs' to avoid re-running this script phase.\necho \"SUCCESS\" > \"${SCRIPT_OUTPUT_FILE_0}\"\n";
			showEnvVarsInLog = 0;
		};
		E2FD44517167123567BC3BD3 /* [CP] Copy Pods Resources */ = {
			isa = PBXShellScriptBuildPhase;
			buildActionMask = 2147483647;
			files = (
			);
			inputPaths = (
			);
			name = "[CP] Copy Pods Resources";
			outputPaths = (
			);
			runOnlyForDeploymentPostprocessing = 0;
			shellPath = /bin/sh;
			shellScript = "\"${SRCROOT}/Pods/Target Support Files/Pods-Spotify Tab Finder/Pods-Spotify Tab Finder-resources.sh\"\n";
			showEnvVarsInLog = 0;
		};
/* End PBXShellScriptBuildPhase section */

/* Begin PBXSourcesBuildPhase section */
		6B0B3C0C1EDCEA6000033E8C /* Sources */ = {
			isa = PBXSourcesBuildPhase;
			buildActionMask = 2147483647;
			files = (
				6B32E8E81EDDF708005AD485 /* XPathQuery.m in Sources */,
				6B0B3C1B1EDCEA6100033E8C /* JWCPlaylistViewController.m in Sources */,
				6B93245C1F50FF1A00B7BDC7 /* JWCAuthManager.m in Sources */,
				6B0B3C181EDCEA6100033E8C /* JWCAppDelegate.m in Sources */,
				6B0B3C151EDCEA6100033E8C /* main.m in Sources */,
				6B32E8E71EDDF708005AD485 /* TFHppleElement.m in Sources */,
				6B1C59E01EDE972100A5D90C /* JWCTabLinkListViewController.m in Sources */,
				6B0B3C351EDCF7DB00033E8C /* JWCSongListViewController.m in Sources */,
				6B9324581F50FC0300B7BDC7 /* JWCSongsViewController.m in Sources */,
				6B32E8E61EDDF708005AD485 /* TFHpple.m in Sources */,
				6B63097A1F5CA7D90045EA6C /* UIColor+JWCColors.m in Sources */,
				6BAB3C091FCCC9F000EFD3EB /* JWCNetworkController.m in Sources */,
			);
			runOnlyForDeploymentPostprocessing = 0;
		};
/* End PBXSourcesBuildPhase section */

/* Begin PBXVariantGroup section */
		6B0B3C1C1EDCEA6100033E8C /* Main.storyboard */ = {
			isa = PBXVariantGroup;
			children = (
				6B0B3C1D1EDCEA6100033E8C /* Base */,
			);
			name = Main.storyboard;
			sourceTree = "<group>";
		};
		6B0B3C211EDCEA6100033E8C /* LaunchScreen.storyboard */ = {
			isa = PBXVariantGroup;
			children = (
				6B0B3C221EDCEA6100033E8C /* Base */,
			);
			name = LaunchScreen.storyboard;
			sourceTree = "<group>";
		};
/* End PBXVariantGroup section */

/* Begin XCBuildConfiguration section */
		6B0B3C251EDCEA6100033E8C /* Debug */ = {
			isa = XCBuildConfiguration;
			buildSettings = {
				ALWAYS_SEARCH_USER_PATHS = NO;
				CLANG_ANALYZER_NONNULL = YES;
				CLANG_ANALYZER_NUMBER_OBJECT_CONVERSION = YES_AGGRESSIVE;
				CLANG_CXX_LANGUAGE_STANDARD = "gnu++0x";
				CLANG_CXX_LIBRARY = "libc++";
				CLANG_ENABLE_MODULES = YES;
				CLANG_ENABLE_OBJC_ARC = YES;
				CLANG_WARN_BOOL_CONVERSION = YES;
				CLANG_WARN_CONSTANT_CONVERSION = YES;
				CLANG_WARN_DIRECT_OBJC_ISA_USAGE = YES_ERROR;
				CLANG_WARN_DOCUMENTATION_COMMENTS = YES;
				CLANG_WARN_EMPTY_BODY = YES;
				CLANG_WARN_ENUM_CONVERSION = YES;
				CLANG_WARN_INFINITE_RECURSION = YES;
				CLANG_WARN_INT_CONVERSION = YES;
				CLANG_WARN_OBJC_ROOT_CLASS = YES_ERROR;
				CLANG_WARN_SUSPICIOUS_MOVE = YES;
				CLANG_WARN_UNREACHABLE_CODE = YES;
				CLANG_WARN__DUPLICATE_METHOD_MATCH = YES;
				"CODE_SIGN_IDENTITY[sdk=iphoneos*]" = "iPhone Developer";
				COPY_PHASE_STRIP = NO;
				DEBUG_INFORMATION_FORMAT = dwarf;
				ENABLE_STRICT_OBJC_MSGSEND = YES;
				ENABLE_TESTABILITY = YES;
				GCC_C_LANGUAGE_STANDARD = gnu99;
				GCC_DYNAMIC_NO_PIC = NO;
				GCC_NO_COMMON_BLOCKS = YES;
				GCC_OPTIMIZATION_LEVEL = 0;
				GCC_PREPROCESSOR_DEFINITIONS = (
					"DEBUG=1",
					"$(inherited)",
				);
				GCC_WARN_64_TO_32_BIT_CONVERSION = YES;
				GCC_WARN_ABOUT_RETURN_TYPE = YES_ERROR;
				GCC_WARN_UNDECLARED_SELECTOR = YES;
				GCC_WARN_UNINITIALIZED_AUTOS = YES_AGGRESSIVE;
				GCC_WARN_UNUSED_FUNCTION = YES;
				GCC_WARN_UNUSED_VARIABLE = YES;
				IPHONEOS_DEPLOYMENT_TARGET = 10.3;
				MTL_ENABLE_DEBUG_INFO = YES;
				ONLY_ACTIVE_ARCH = YES;
				SDKROOT = iphoneos;
			};
			name = Debug;
		};
		6B0B3C261EDCEA6100033E8C /* Release */ = {
			isa = XCBuildConfiguration;
			buildSettings = {
				ALWAYS_SEARCH_USER_PATHS = NO;
				CLANG_ANALYZER_NONNULL = YES;
				CLANG_ANALYZER_NUMBER_OBJECT_CONVERSION = YES_AGGRESSIVE;
				CLANG_CXX_LANGUAGE_STANDARD = "gnu++0x";
				CLANG_CXX_LIBRARY = "libc++";
				CLANG_ENABLE_MODULES = YES;
				CLANG_ENABLE_OBJC_ARC = YES;
				CLANG_WARN_BOOL_CONVERSION = YES;
				CLANG_WARN_CONSTANT_CONVERSION = YES;
				CLANG_WARN_DIRECT_OBJC_ISA_USAGE = YES_ERROR;
				CLANG_WARN_DOCUMENTATION_COMMENTS = YES;
				CLANG_WARN_EMPTY_BODY = YES;
				CLANG_WARN_ENUM_CONVERSION = YES;
				CLANG_WARN_INFINITE_RECURSION = YES;
				CLANG_WARN_INT_CONVERSION = YES;
				CLANG_WARN_OBJC_ROOT_CLASS = YES_ERROR;
				CLANG_WARN_SUSPICIOUS_MOVE = YES;
				CLANG_WARN_UNREACHABLE_CODE = YES;
				CLANG_WARN__DUPLICATE_METHOD_MATCH = YES;
				"CODE_SIGN_IDENTITY[sdk=iphoneos*]" = "iPhone Developer";
				COPY_PHASE_STRIP = NO;
				DEBUG_INFORMATION_FORMAT = "dwarf-with-dsym";
				ENABLE_NS_ASSERTIONS = NO;
				ENABLE_STRICT_OBJC_MSGSEND = YES;
				GCC_C_LANGUAGE_STANDARD = gnu99;
				GCC_NO_COMMON_BLOCKS = YES;
				GCC_WARN_64_TO_32_BIT_CONVERSION = YES;
				GCC_WARN_ABOUT_RETURN_TYPE = YES_ERROR;
				GCC_WARN_UNDECLARED_SELECTOR = YES;
				GCC_WARN_UNINITIALIZED_AUTOS = YES_AGGRESSIVE;
				GCC_WARN_UNUSED_FUNCTION = YES;
				GCC_WARN_UNUSED_VARIABLE = YES;
				IPHONEOS_DEPLOYMENT_TARGET = 10.3;
				MTL_ENABLE_DEBUG_INFO = NO;
				SDKROOT = iphoneos;
				VALIDATE_PRODUCT = YES;
			};
			name = Release;
		};
		6B0B3C281EDCEA6100033E8C /* Debug */ = {
			isa = XCBuildConfiguration;
			baseConfigurationReference = F6F28C0CCA98C23403AFCF41 /* Pods-Spotify Tab Finder.debug.xcconfig */;
			buildSettings = {
				ASSETCATALOG_COMPILER_APPICON_NAME = AppIcon;
				DEVELOPMENT_TEAM = KAXBL5N6GV;
				FRAMEWORK_SEARCH_PATHS = (
					"$(inherited)",
					"$(PROJECT_DIR)",
				);
				HEADER_SEARCH_PATHS = " $(SDKROOT)/usr/include/libxml2";
				INFOPLIST_FILE = "Spotify Tab Finder/Info.plist";
				LD_RUNPATH_SEARCH_PATHS = "$(inherited) @executable_path/Frameworks";
				OTHER_LDFLAGS = (
					"-Objc",
					"-all_load",
				);
				PRODUCT_BUNDLE_IDENTIFIER = "com.JeffWritesCode.Spotify-Tab-Finder";
				PRODUCT_NAME = "$(TARGET_NAME)";
				TARGETED_DEVICE_FAMILY = "1,2";
			};
			name = Debug;
		};
		6B0B3C291EDCEA6100033E8C /* Release */ = {
			isa = XCBuildConfiguration;
			baseConfigurationReference = 161ED6A3B30A343564249620 /* Pods-Spotify Tab Finder.release.xcconfig */;
			buildSettings = {
				ASSETCATALOG_COMPILER_APPICON_NAME = AppIcon;
				DEVELOPMENT_TEAM = KAXBL5N6GV;
				FRAMEWORK_SEARCH_PATHS = (
					"$(inherited)",
					"$(PROJECT_DIR)",
				);
				HEADER_SEARCH_PATHS = " $(SDKROOT)/usr/include/libxml2";
				INFOPLIST_FILE = "Spotify Tab Finder/Info.plist";
				LD_RUNPATH_SEARCH_PATHS = "$(inherited) @executable_path/Frameworks";
				OTHER_LDFLAGS = (
					"-Objc",
					"-all_load",
				);
				PRODUCT_BUNDLE_IDENTIFIER = "com.JeffWritesCode.Spotify-Tab-Finder";
				PRODUCT_NAME = "$(TARGET_NAME)";
				TARGETED_DEVICE_FAMILY = "1,2";
			};
			name = Release;
		};
/* End XCBuildConfiguration section */

/* Begin XCConfigurationList section */
		6B0B3C0B1EDCEA6000033E8C /* Build configuration list for PBXProject "Spotify Tab Finder" */ = {
			isa = XCConfigurationList;
			buildConfigurations = (
				6B0B3C251EDCEA6100033E8C /* Debug */,
				6B0B3C261EDCEA6100033E8C /* Release */,
			);
			defaultConfigurationIsVisible = 0;
			defaultConfigurationName = Release;
		};
		6B0B3C271EDCEA6100033E8C /* Build configuration list for PBXNativeTarget "Spotify Tab Finder" */ = {
			isa = XCConfigurationList;
			buildConfigurations = (
				6B0B3C281EDCEA6100033E8C /* Debug */,
				6B0B3C291EDCEA6100033E8C /* Release */,
			);
			defaultConfigurationIsVisible = 0;
			defaultConfigurationName = Release;
		};
/* End XCConfigurationList section */
	};
	rootObject = 6B0B3C081EDCEA6000033E8C /* Project object */;
}
